lockfileVersion: 5.4

specifiers:
  css: ^3.0.0
  drnm: ^0.9.0
  lightningcss: ^1.18.0

dependencies:
  css: 3.0.0
  drnm: 0.9.0
  lightningcss: 1.18.0

packages:

  /atob/2.1.2:
    resolution: {integrity: sha512-Wm6ukoaOGJi/73p/cl2GvLjTI5JM1k/O14isD73YML8StrH/7/lRFgmg8nICZgD3bZZvjwCGxtMOD3wWNAu8cg==}
    engines: {node: '>= 4.5.0'}
    hasBin: true
    dev: false

  /css/3.0.0:
    resolution: {integrity: sha512-DG9pFfwOrzc+hawpmqX/dHYHJG+Bsdb0klhyi1sDneOgGOXy9wQIC8hzyVp1e4NRYDBdxcylvywPkkXCHAzTyQ==}
    dependencies:
      inherits: 2.0.4
      source-map: 0.6.1
      source-map-resolve: 0.6.0
    dev: false

  /decode-uri-component/0.2.2:
    resolution: {integrity: sha512-FqUYQ+8o158GyGTrMFJms9qh3CqTKvAqgqsTnkLI8sKu0028orqBhxNMFkFen0zGyg6epACD32pjVk58ngIErQ==}
    engines: {node: '>=0.10'}
    dev: false

  /detect-libc/1.0.3:
    resolution: {integrity: sha512-pGjwhsmsp4kL2RTz08wcOlGN83otlqHeD/Z5T8GXZB+/YcpQ/dgo+lbU8ZsGxV0HIvqqxo9l7mqYwyYMD9bKDg==}
    engines: {node: '>=0.10'}
    hasBin: true
    dev: false

  /drnm/0.9.0:
    resolution: {integrity: sha512-ZNkurkg7xoWPQNTf4TfUxS/lvm+zPve01xjLS/RUWCPr6OB3zBlM4Y2dIXkR6NsELojppfum8+wdWZ0vnjdwmg==}
    dev: false

  /inherits/2.0.4:
    resolution: {integrity: sha512-k/vGaX4/Yla3WzyMCvTQOXYeIHvqOKtnqBduzTHpzpQZzAskKMhZ2K+EnBiSM9zGSoIFeMpXKxa4dYeZIQqewQ==}
    dev: false

  /lightningcss-darwin-arm64/1.18.0:
    resolution: {integrity: sha512-OqjydwtiNPgdH1ByIjA1YzqvDG/OMR6L3LPN6wRl1729LB0y4Mik7L06kmZaTb+pvUHr+NmDd2KCwnlrQ4zO3w==}
    engines: {node: '>= 12.0.0'}
    cpu: [arm64]
    os: [darwin]
    requiresBuild: true
    dev: false
    optional: true

  /lightningcss-darwin-x64/1.18.0:
    resolution: {integrity: sha512-mNiuPHj89/JHZmJMp+5H8EZSt6EL5DZRWJ31O6k3DrLLnRIQjXuXdDdN8kP7LoIkeWI5xvyD60CsReJm+YWYAw==}
    engines: {node: '>= 12.0.0'}
    cpu: [x64]
    os: [darwin]
    requiresBuild: true
    dev: false
    optional: true

  /lightningcss-linux-arm-gnueabihf/1.18.0:
    resolution: {integrity: sha512-S+25JjI6601HiAVoTDXW6SqH+E94a+FHA7WQqseyNHunOgVWKcAkNEc2LJvVxgwTq6z41sDIb9/M3Z9wa9lk4A==}
    engines: {node: '>= 12.0.0'}
    cpu: [arm]
    os: [linux]
    requiresBuild: true
    dev: false
    optional: true

  /lightningcss-linux-arm64-gnu/1.18.0:
    resolution: {integrity: sha512-JSqh4+21dCgBecIQUet35dtE4PhhSEMyqe3y0ZNQrAJQ5kyUPSQHiw81WXnPJcOSTTpG0TyMLiC8K//+BsFGQA==}
    engines: {node: '>= 12.0.0'}
    cpu: [arm64]
    os: [linux]
    requiresBuild: true
    dev: false
    optional: true

  /lightningcss-linux-arm64-musl/1.18.0:
    resolution: {integrity: sha512-2FWHa8iUhShnZnqhn2wfIcK5adJat9hAAaX7etNsoXJymlliDIOFuBQEsba2KBAZSM4QqfQtvRdR7m8i0I7ybQ==}
    engines: {node: '>= 12.0.0'}
    cpu: [arm64]
    os: [linux]
    requiresBuild: true
    dev: false
    optional: true

  /lightningcss-linux-x64-gnu/1.18.0:
    resolution: {integrity: sha512-plCPGQJtDZHcLVKVRLnQVF2XRsIC32WvuJhQ7fJ7F6BV98b/VZX0OlX05qUaOESD9dCDHjYSfxsgcvOKgCWh7A==}
    engines: {node: '>= 12.0.0'}
    cpu: [x64]
    os: [linux]
    requiresBuild: true
    dev: false
    optional: true

  /lightningcss-linux-x64-musl/1.18.0:
    resolution: {integrity: sha512-na+BGtVU6fpZvOHKhnlA0XHeibkT3/46nj6vLluG3kzdJYoBKU6dIl7DSOk++8jv4ybZyFJ0aOFMMSc8g2h58A==}
    engines: {node: '>= 12.0.0'}
    cpu: [x64]
    os: [linux]
    requiresBuild: true
    dev: false
    optional: true

  /lightningcss-win32-x64-msvc/1.18.0:
    resolution: {integrity: sha512-5qeAH4RMNy2yMNEl7e5TI6upt/7xD2ZpHWH4RkT8iJ7/6POS5mjHbXWUO9Q1hhDhqkdzGa76uAdMzEouIeCyNw==}
    engines: {node: '>= 12.0.0'}
    cpu: [x64]
    os: [win32]
    requiresBuild: true
    dev: false
    optional: true

  /lightningcss/1.18.0:
    resolution: {integrity: sha512-uk10tNxi5fhZqU93vtYiQgx/8a9f0Kvtj5AXIm+VlOXY+t/DWDmCZWJEkZJmmALgvbS6aAW8or+Kq85eJ6TDTw==}
    engines: {node: '>= 12.0.0'}
    dependencies:
      detect-libc: 1.0.3
    optionalDependencies:
      lightningcss-darwin-arm64: 1.18.0
      lightningcss-darwin-x64: 1.18.0
      lightningcss-linux-arm-gnueabihf: 1.18.0
      lightningcss-linux-arm64-gnu: 1.18.0
      lightningcss-linux-arm64-musl: 1.18.0
      lightningcss-linux-x64-gnu: 1.18.0
      lightningcss-linux-x64-musl: 1.18.0
      lightningcss-win32-x64-msvc: 1.18.0
    dev: false

  /source-map-resolve/0.6.0:
    resolution: {integrity: sha512-KXBr9d/fO/bWo97NXsPIAW1bFSBOuCnjbNTBMO7N59hsv5i9yzRDfcYwwt0l04+VqnKC+EwzvJZIP/qkuMgR/w==}
    deprecated: See https://github.com/lydell/source-map-resolve#deprecated
    dependencies:
      atob: 2.1.2
      decode-uri-component: 0.2.2
    dev: false

  /source-map/0.6.1:
    resolution: {integrity: sha512-UjgapumWlbMhkBgzT7Ykc5YXUT46F0iKu8SGXq0bcwP5dz/h0Plj6enJqjz1Zbq2l5WaqYnrVbwWOWMyF3F47g==}
    engines: {node: '>=0.10.0'}
    dev: false
